
Microsoft Visual Studio Solution File, Format Version 12.00
# Visual Studio Version 16
VisualStudioVersion = 16.0.30907.101
MinimumVisualStudioVersion = 10.0.40219.1
Project("{FAE04EC0-301F-11D3-BF4B-00C04F79EFBC}") = "07.03.22", "07.03.22\07.03.22.csproj", "{EEEE0A9F-BF19-476A-80DB-137624F9ECB0}"
EndProject
Global
	GlobalSection(SolutionConfigurationPlatforms) = preSolution
		Debug|Any CPU = Debug|Any CPU
		Release|Any CPU = Release|Any CPU
	EndGlobalSection
	GlobalSection(ProjectConfigurationPlatforms) = postSolution
		{EEEE0A9F-BF19-476A-80DB-137624F9ECB0}.Debug|Any CPU.ActiveCfg = Debug|Any CPU
		{EEEE0A9F-BF19-476A-80DB-137624F9ECB0}.Debug|Any CPU.Build.0 = Debug|Any CPU
		{EEEE0A9F-BF19-476A-80DB-137624F9ECB0}.Release|Any CPU.ActiveCfg = Release|Any CPU
		{EEEE0A9F-BF19-476A-80DB-137624F9ECB0}.Release|Any CPU.Build.0 = Release|Any CPU
	EndGlobalSection
	GlobalSection(SolutionProperties) = preSolution
		HideSolutionNode = FALSE
	EndGlobalSection
	GlobalSection(ExtensibilityGlobals) = postSolution
		SolutionGuid = {FBC04E30-B5CC-46BB-9C4C-1487FABE6589}
	EndGlobalSection
EndGlobal
